
Microsoft Visual Studio Solution File, Format Version 12.00
# Visual Studio Version 16
VisualStudioVersion = 16.0.30523.141
MinimumVisualStudioVersion = 10.0.40219.1
Project("{FAE04EC0-301F-11D3-BF4B-00C04F79EFBC}") = "RegistrationAndLogin", "RegistrationAndLogin.csproj", "{F2F0EA74-8984-460B-8156-495BD9DE6B10}"
EndProject
Global
	GlobalSection(SolutionConfigurationPlatforms) = preSolution
		Debug|Any CPU = Debug|Any CPU
		Release|Any CPU = Release|Any CPU
	EndGlobalSection
	GlobalSection(ProjectConfigurationPlatforms) = postSolution
		{F2F0EA74-8984-460B-8156-495BD9DE6B10}.Debug|Any CPU.ActiveCfg = Debug|Any CPU
		{F2F0EA74-8984-460B-8156-495BD9DE6B10}.Debug|Any CPU.Build.0 = Debug|Any CPU
		{F2F0EA74-8984-460B-8156-495BD9DE6B10}.Release|Any CPU.ActiveCfg = Release|Any CPU
		{F2F0EA74-8984-460B-8156-495BD9DE6B10}.Release|Any CPU.Build.0 = Release|Any CPU
	EndGlobalSection
	GlobalSection(SolutionProperties) = preSolution
		HideSolutionNode = FALSE
	EndGlobalSection
	GlobalSection(ExtensibilityGlobals) = postSolution
		SolutionGuid = {0B25B651-0F90-4F61-9ECE-E7236E0E2980}
	EndGlobalSection
EndGlobal
